
Microsoft Visual Studio Solution File, Format Version 12.00
# Visual Studio 2015
Project("{FAE04EC0-301F-11D3-BF4B-00C04F79EFBC}") = "Coding Curriculum.CSharp", "Coding Curriculum.CSharp.csproj", "{8CC888C4-EA1D-F3AF-E424-22ED2843C582}"
EndProject
Project("{FAE04EC0-301F-11D3-BF4B-00C04F79EFBC}") = "Coding Curriculum.CSharp.Editor", "Coding Curriculum.CSharp.Editor.csproj", "{3990B1FD-D403-254C-32DD-3813DF04F651}"
EndProject
Global
	GlobalSection(SolutionConfigurationPlatforms) = preSolution
		Debug|Any CPU = Debug|Any CPU
		Release|Any CPU = Release|Any CPU
	EndGlobalSection
	GlobalSection(ProjectConfigurationPlatforms) = postSolution
		{8CC888C4-EA1D-F3AF-E424-22ED2843C582}.Debug|Any CPU.ActiveCfg = Debug|Any CPU
		{8CC888C4-EA1D-F3AF-E424-22ED2843C582}.Debug|Any CPU.Build.0 = Debug|Any CPU
		{8CC888C4-EA1D-F3AF-E424-22ED2843C582}.Release|Any CPU.ActiveCfg = Release|Any CPU
		{8CC888C4-EA1D-F3AF-E424-22ED2843C582}.Release|Any CPU.Build.0 = Release|Any CPU
		{3990B1FD-D403-254C-32DD-3813DF04F651}.Debug|Any CPU.ActiveCfg = Debug|Any CPU
		{3990B1FD-D403-254C-32DD-3813DF04F651}.Debug|Any CPU.Build.0 = Debug|Any CPU
		{3990B1FD-D403-254C-32DD-3813DF04F651}.Release|Any CPU.ActiveCfg = Release|Any CPU
		{3990B1FD-D403-254C-32DD-3813DF04F651}.Release|Any CPU.Build.0 = Release|Any CPU
	EndGlobalSection
	GlobalSection(SolutionProperties) = preSolution
		HideSolutionNode = FALSE
	EndGlobalSection
EndGlobal
